
Microsoft Visual Studio Solution File, Format Version 12.00
# Visual Studio Version 17
VisualStudioVersion = 17.14.36408.4 d17.14
MinimumVisualStudioVersion = 10.0.40219.1
Project("{FAE04EC0-301F-11D3-BF4B-00C04F79EFBC}") = "WexTran.Api", "WexTran.Api\WexTran.Api.csproj", "{ACCB347E-C596-4431-B089-071570B9001F}"
EndProject
Global
	GlobalSection(SolutionConfigurationPlatforms) = preSolution
		Debug|Any CPU = Debug|Any CPU
		Release|Any CPU = Release|Any CPU
	EndGlobalSection
	GlobalSection(ProjectConfigurationPlatforms) = postSolution
		{ACCB347E-C596-4431-B089-071570B9001F}.Debug|Any CPU.ActiveCfg = Debug|Any CPU
		{ACCB347E-C596-4431-B089-071570B9001F}.Debug|Any CPU.Build.0 = Debug|Any CPU
		{ACCB347E-C596-4431-B089-071570B9001F}.Release|Any CPU.ActiveCfg = Release|Any CPU
		{ACCB347E-C596-4431-B089-071570B9001F}.Release|Any CPU.Build.0 = Release|Any CPU
	EndGlobalSection
	GlobalSection(SolutionProperties) = preSolution
		HideSolutionNode = FALSE
	EndGlobalSection
	GlobalSection(ExtensibilityGlobals) = postSolution
		SolutionGuid = {CE3E910D-E943-4F35-98ED-F7A75639FA00}
	EndGlobalSection
EndGlobal
